
Microsoft Visual Studio Solution File, Format Version 12.00
# Visual Studio Version 16
VisualStudioVersion = 16.0.30204.135
MinimumVisualStudioVersion = 10.0.40219.1
Project("{2150E333-8FDC-42A3-9474-1A3956D46DE8}") = "TipCalculator", "TipCalculator", "{E7D78F15-C10E-43B2-B521-C40139CE1E77}"
EndProject
Project("{FAE04EC0-301F-11D3-BF4B-00C04F79EFBC}") = "TipCalculator.Core", "TipCalculator.Core\TipCalculator.Core.csproj", "{9747B1D0-7C37-46E1-97A0-3DDAC3A55750}"
EndProject
Global
	GlobalSection(SolutionConfigurationPlatforms) = preSolution
		Debug|Any CPU = Debug|Any CPU
		Release|Any CPU = Release|Any CPU
	EndGlobalSection
	GlobalSection(ProjectConfigurationPlatforms) = postSolution
		{9747B1D0-7C37-46E1-97A0-3DDAC3A55750}.Debug|Any CPU.ActiveCfg = Debug|Any CPU
		{9747B1D0-7C37-46E1-97A0-3DDAC3A55750}.Debug|Any CPU.Build.0 = Debug|Any CPU
		{9747B1D0-7C37-46E1-97A0-3DDAC3A55750}.Release|Any CPU.ActiveCfg = Release|Any CPU
		{9747B1D0-7C37-46E1-97A0-3DDAC3A55750}.Release|Any CPU.Build.0 = Release|Any CPU
	EndGlobalSection
	GlobalSection(SolutionProperties) = preSolution
		HideSolutionNode = FALSE
	EndGlobalSection
	GlobalSection(NestedProjects) = preSolution
		{9747B1D0-7C37-46E1-97A0-3DDAC3A55750} = {E7D78F15-C10E-43B2-B521-C40139CE1E77}
	EndGlobalSection
	GlobalSection(ExtensibilityGlobals) = postSolution
		SolutionGuid = {8C87C40E-A902-4234-ACD9-FB9CA7C6920C}
	EndGlobalSection
EndGlobal
